# THIS IS AN AUTOGENERATED FILE. DO NOT EDIT THIS FILE DIRECTLY.
# yarn lockfile v1


"@types/estree@0.0.39":
  version "0.0.39"
  resolved "https://registry.yarnpkg.com/@types/estree/-/estree-0.0.39.tgz#e177e699ee1b8c22d23174caaa7422644389509f"
  integrity sha512-EYNwp3bU+98cpU4lAWYYL7Zz+2gryWH1qbdDTidVd6hkiR6weksdbMadyXKXNPEkQFhXM+hVO9ZygomHXp+AIw==

"@types/node@^12.7.2":
  version "12.7.4"
  resolved "https://registry.yarnpkg.com/@types/node/-/node-12.7.4.tgz#64db61e0359eb5a8d99b55e05c729f130a678b04"
  integrity sha512-W0+n1Y+gK/8G2P/piTkBBN38Qc5Q1ZSO6B5H3QmPCUewaiXOo2GCAWZ4ElZCcNhjJuBSUSLGFUJnmlCn5+nxOQ==

acorn@^7.0.0:
  version "7.0.0"
  resolved "https://registry.yarnpkg.com/acorn/-/acorn-7.0.0.tgz#26b8d1cd9a9b700350b71c0905546f64d1284e7a"
  integrity sha512-PaF/MduxijYYt7unVGRuds1vBC9bFxbNf+VWqhOClfdgy7RlVkQqt610ig1/yxTgsDIfW1cWDel5EBbOy3jdtQ==

rollup@^1.20.3:
  version "1.20.3"
  resolved "https://registry.yarnpkg.com/rollup/-/rollup-1.20.3.tgz#6243f6c118ca05f56b2d9433112400cd834a1eb8"
  integrity sha512-/OMCkY0c6E8tleeVm4vQVDz24CkVgvueK3r8zTYu2AQNpjrcaPwO9hE+pWj5LTFrvvkaxt4MYIp2zha4y0lRvg==
  dependencies:
    "@types/estree" "0.0.39"
    "@types/node" "^12.7.2"
    acorn "^7.0.0"

split-lines@^2.0.0:
  version "2.0.0"
  resolved "https://registry.yarnpkg.com/split-lines/-/split-lines-2.0.0.tgz#13f42cdf8cf0d3f5d3fed797b80986168c06defc"
  integrity sha512-gaIdhbqxkB5/VflPXsJwZvEzh/kdwiRPF9iqpkxX4us+lzB8INedFwjCyo6vwuz5x2Ddlnav2zh270CEjCG8mA==
